// !$*UTF8*$!
{
	archiveVersion = 1;
	classes = {
	};
	objectVersion = 46;
	objects = {

/* Begin PBXBuildFile section */
		B15BAD811F16271F00D5469C /* AppDelegate.swift in Sources */ = {isa = PBXBuildFile; fileRef = B15BAD801F16271F00D5469C /* AppDelegate.swift */; };
		B15BAD831F16271F00D5469C /* ViewController.swift in Sources */ = {isa = PBXBuildFile; fileRef = B15BAD821F16271F00D5469C /* ViewController.swift */; };
		B15BAD861F16271F00D5469C /* Main.storyboard in Resources */ = {isa = PBXBuildFile; fileRef = B15BAD841F16271F00D5469C /* Main.storyboard */; };
		B15BAD881F16271F00D5469C /* Assets.xcassets in Resources */ = {isa = PBXBuildFile; fileRef = B15BAD871F16271F00D5469C /* Assets.xcassets */; };
		B15BAD8B1F16271F00D5469C /* LaunchScreen.storyboard in Resources */ = {isa = PBXBuildFile; fileRef = B15BAD891F16271F00D5469C /* LaunchScreen.storyboard */; };
		B15BAD961F16288E00D5469C /* InspirationsViewController.swift in Sources */ = {isa = PBXBuildFile; fileRef = B15BAD951F16288E00D5469C /* InspirationsViewController.swift */; };
		B15BAD991F162C8D00D5469C /* UIColor+palette.swift in Sources */ = {isa = PBXBuildFile; fileRef = B15BAD981F162C8D00D5469C /* UIColor+palette.swift */; };
		B15BAD9B1F162E8D00D5469C /* Inspirations.plist in Resources */ = {isa = PBXBuildFile; fileRef = B15BAD9A1F162E8D00D5469C /* Inspirations.plist */; };
		B15BAD9E1F1631B700D5469C /* UIImage+decompression.swift in Sources */ = {isa = PBXBuildFile; fileRef = B15BAD9D1F1631B700D5469C /* UIImage+decompression.swift */; };
		B15BADA01F1632C200D5469C /* Session.swift in Sources */ = {isa = PBXBuildFile; fileRef = B15BAD9F1F1632C200D5469C /* Session.swift */; };
		B15BADA21F1636CE00D5469C /* Inspiration.swift in Sources */ = {isa = PBXBuildFile; fileRef = B15BADA11F1636CE00D5469C /* Inspiration.swift */; };
/* End PBXBuildFile section */

/* Begin PBXFileReference section */
		B15BAD7D1F16271F00D5469C /* UIMagic.app */ = {isa = PBXFileReference; explicitFileType = wrapper.application; includeInIndex = 0; path = UIMagic.app; sourceTree = BUILT_PRODUCTS_DIR; };
		B15BAD801F16271F00D5469C /* AppDelegate.swift */ = {isa = PBXFileReference; lastKnownFileType = sourcecode.swift; path = AppDelegate.swift; sourceTree = "<group>"; };
		B15BAD821F16271F00D5469C /* ViewController.swift */ = {isa = PBXFileReference; lastKnownFileType = sourcecode.swift; path = ViewController.swift; sourceTree = "<group>"; };
		B15BAD851F16271F00D5469C /* Base */ = {isa = PBXFileReference; lastKnownFileType = file.storyboard; name = Base; path = Base.lproj/Main.storyboard; sourceTree = "<group>"; };
		B15BAD871F16271F00D5469C /* Assets.xcassets */ = {isa = PBXFileReference; lastKnownFileType = folder.assetcatalog; path = Assets.xcassets; sourceTree = "<group>"; };
		B15BAD8A1F16271F00D5469C /* Base */ = {isa = PBXFileReference; lastKnownFileType = file.storyboard; name = Base; path = Base.lproj/LaunchScreen.storyboard; sourceTree = "<group>"; };
		B15BAD8C1F16272000D5469C /* Info.plist */ = {isa = PBXFileReference; lastKnownFileType = text.plist.xml; path = Info.plist; sourceTree = "<group>"; };
		B15BAD951F16288E00D5469C /* InspirationsViewController.swift */ = {isa = PBXFileReference; fileEncoding = 4; lastKnownFileType = sourcecode.swift; path = InspirationsViewController.swift; sourceTree = "<group>"; };
		B15BAD981F162C8D00D5469C /* UIColor+palette.swift */ = {isa = PBXFileReference; fileEncoding = 4; lastKnownFileType = sourcecode.swift; path = "UIColor+palette.swift"; sourceTree = "<group>"; };
		B15BAD9A1F162E8D00D5469C /* Inspirations.plist */ = {isa = PBXFileReference; fileEncoding = 4; lastKnownFileType = text.plist.xml; path = Inspirations.plist; sourceTree = "<group>"; };
		B15BAD9D1F1631B700D5469C /* UIImage+decompression.swift */ = {isa = PBXFileReference; fileEncoding = 4; lastKnownFileType = sourcecode.swift; path = "UIImage+decompression.swift"; sourceTree = "<group>"; };
		B15BAD9F1F1632C200D5469C /* Session.swift */ = {isa = PBXFileReference; fileEncoding = 4; lastKnownFileType = sourcecode.swift; path = Session.swift; sourceTree = "<group>"; };
		B15BADA11F1636CE00D5469C /* Inspiration.swift */ = {isa = PBXFileReference; fileEncoding = 4; lastKnownFileType = sourcecode.swift; path = Inspiration.swift; sourceTree = "<group>"; };
/* End PBXFileReference section */

/* Begin PBXFrameworksBuildPhase section */
		B15BAD7A1F16271F00D5469C /* Frameworks */ = {
			isa = PBXFrameworksBuildPhase;
			buildActionMask = 2147483647;
			files = (
			);
			runOnlyForDeploymentPostprocessing = 0;
		};
/* End PBXFrameworksBuildPhase section */

/* Begin PBXGroup section */
		B15BAD741F16271F00D5469C = {
			isa = PBXGroup;
			children = (
				B15BAD7F1F16271F00D5469C /* UIMagic */,
				B15BAD7E1F16271F00D5469C /* Products */,
			);
			sourceTree = "<group>";
		};
		B15BAD7E1F16271F00D5469C /* Products */ = {
			isa = PBXGroup;
			children = (
				B15BAD7D1F16271F00D5469C /* UIMagic.app */,
			);
			name = Products;
			sourceTree = "<group>";
		};
		B15BAD7F1F16271F00D5469C /* UIMagic */ = {
			isa = PBXGroup;
			children = (
				B15BAD9C1F162E9E00D5469C /* Asset */,
				B15BAD971F162C5200D5469C /* Utils */,
				B15BAD941F16286A00D5469C /* Model */,
				B15BAD931F16286300D5469C /* View */,
				B15BAD921F16285700D5469C /* Controller */,
				B15BAD801F16271F00D5469C /* AppDelegate.swift */,
				B15BAD821F16271F00D5469C /* ViewController.swift */,
				B15BAD841F16271F00D5469C /* Main.storyboard */,
				B15BAD891F16271F00D5469C /* LaunchScreen.storyboard */,
				B15BAD8C1F16272000D5469C /* Info.plist */,
			);
			path = UIMagic;
			sourceTree = "<group>";
		};
		B15BAD921F16285700D5469C /* Controller */ = {
			isa = PBXGroup;
			children = (
				B15BAD951F16288E00D5469C /* InspirationsViewController.swift */,
			);
			name = Controller;
			sourceTree = "<group>";
		};
		B15BAD931F16286300D5469C /* View */ = {
			isa = PBXGroup;
			children = (
			);
			name = View;
			sourceTree = "<group>";
		};
		B15BAD941F16286A00D5469C /* Model */ = {
			isa = PBXGroup;
			children = (
				B15BAD9F1F1632C200D5469C /* Session.swift */,
				B15BADA11F1636CE00D5469C /* Inspiration.swift */,
			);
			name = Model;
			sourceTree = "<group>";
		};
		B15BAD971F162C5200D5469C /* Utils */ = {
			isa = PBXGroup;
			children = (
				B15BAD981F162C8D00D5469C /* UIColor+palette.swift */,
				B15BAD9D1F1631B700D5469C /* UIImage+decompression.swift */,
			);
			name = Utils;
			sourceTree = "<group>";
		};
		B15BAD9C1F162E9E00D5469C /* Asset */ = {
			isa = PBXGroup;
			children = (
				B15BAD871F16271F00D5469C /* Assets.xcassets */,
				B15BAD9A1F162E8D00D5469C /* Inspirations.plist */,
			);
			name = Asset;
			sourceTree = "<group>";
		};
/* End PBXGroup section */

/* Begin PBXNativeTarget section */
		B15BAD7C1F16271F00D5469C /* UIMagic */ = {
			isa = PBXNativeTarget;
			buildConfigurationList = B15BAD8F1F16272000D5469C /* Build configuration list for PBXNativeTarget "UIMagic" */;
			buildPhases = (
				B15BAD791F16271F00D5469C /* Sources */,
				B15BAD7A1F16271F00D5469C /* Frameworks */,
				B15BAD7B1F16271F00D5469C /* Resources */,
			);
			buildRules = (
			);
			dependencies = (
			);
			name = UIMagic;
			productName = UIMagic;
			productReference = B15BAD7D1F16271F00D5469C /* UIMagic.app */;
			productType = "com.apple.product-type.application";
		};
/* End PBXNativeTarget section */

/* Begin PBXProject section */
		B15BAD751F16271F00D5469C /* Project object */ = {
			isa = PBXProject;
			attributes = {
				LastSwiftUpdateCheck = 0830;
				LastUpgradeCheck = 0830;
				ORGANIZATIONNAME = VictorLee;
				TargetAttributes = {
					B15BAD7C1F16271F00D5469C = {
						CreatedOnToolsVersion = 8.3.3;
						DevelopmentTeam = E26925RH2T;
						ProvisioningStyle = Automatic;
					};
				};
			};
			buildConfigurationList = B15BAD781F16271F00D5469C /* Build configuration list for PBXProject "UIMagic" */;
			compatibilityVersion = "Xcode 3.2";
			developmentRegion = English;
			hasScannedForEncodings = 0;
			knownRegions = (
				en,
				Base,
			);
			mainGroup = B15BAD741F16271F00D5469C;
			productRefGroup = B15BAD7E1F16271F00D5469C /* Products */;
			projectDirPath = "";
			projectRoot = "";
			targets = (
				B15BAD7C1F16271F00D5469C /* UIMagic */,
			);
		};
/* End PBXProject section */

/* Begin PBXResourcesBuildPhase section */
		B15BAD7B1F16271F00D5469C /* Resources */ = {
			isa = PBXResourcesBuildPhase;
			buildActionMask = 2147483647;
			files = (
				B15BAD8B1F16271F00D5469C /* LaunchScreen.storyboard in Resources */,
				B15BAD881F16271F00D5469C /* Assets.xcassets in Resources */,
				B15BAD861F16271F00D5469C /* Main.storyboard in Resources */,
				B15BAD9B1F162E8D00D5469C /* Inspirations.plist in Resources */,
			);
			runOnlyForDeploymentPostprocessing = 0;
		};
/* End PBXResourcesBuildPhase section */

/* Begin PBXSourcesBuildPhase section */
		B15BAD791F16271F00D5469C /* Sources */ = {
			isa = PBXSourcesBuildPhase;
			buildActionMask = 2147483647;
			files = (
				B15BAD961F16288E00D5469C /* InspirationsViewController.swift in Sources */,
				B15BAD9E1F1631B700D5469C /* UIImage+decompression.swift in Sources */,
				B15BADA01F1632C200D5469C /* Session.swift in Sources */,
				B15BAD831F16271F00D5469C /* ViewController.swift in Sources */,
				B15BAD811F16271F00D5469C /* AppDelegate.swift in Sources */,
				B15BADA21F1636CE00D5469C /* Inspiration.swift in Sources */,
				B15BAD991F162C8D00D5469C /* UIColor+palette.swift in Sources */,
			);
			runOnlyForDeploymentPostprocessing = 0;
		};
/* End PBXSourcesBuildPhase section */

/* Begin PBXVariantGroup section */
		B15BAD841F16271F00D5469C /* Main.storyboard */ = {
			isa = PBXVariantGroup;
			children = (
				B15BAD851F16271F00D5469C /* Base */,
			);
			name = Main.storyboard;
			sourceTree = "<group>";
		};
		B15BAD891F16271F00D5469C /* LaunchScreen.storyboard */ = {
			isa = PBXVariantGroup;
			children = (
				B15BAD8A1F16271F00D5469C /* Base */,
			);
			name = LaunchScreen.storyboard;
			sourceTree = "<group>";
		};
/* End PBXVariantGroup section */

/* Begin XCBuildConfiguration section */
		B15BAD8D1F16272000D5469C /* Debug */ = {
			isa = XCBuildConfiguration;
			buildSettings = {
				ALWAYS_SEARCH_USER_PATHS = NO;
				CLANG_ANALYZER_NONNULL = YES;
				CLANG_ANALYZER_NUMBER_OBJECT_CONVERSION = YES_AGGRESSIVE;
				CLANG_CXX_LANGUAGE_STANDARD = "gnu++0x";
				CLANG_CXX_LIBRARY = "libc++";
				CLANG_ENABLE_MODULES = YES;
				CLANG_ENABLE_OBJC_ARC = YES;
				CLANG_WARN_BOOL_CONVERSION = YES;
				CLANG_WARN_CONSTANT_CONVERSION = YES;
				CLANG_WARN_DIRECT_OBJC_ISA_USAGE = YES_ERROR;
				CLANG_WARN_DOCUMENTATION_COMMENTS = YES;
				CLANG_WARN_EMPTY_BODY = YES;
				CLANG_WARN_ENUM_CONVERSION = YES;
				CLANG_WARN_INFINITE_RECURSION = YES;
				CLANG_WARN_INT_CONVERSION = YES;
				CLANG_WARN_OBJC_ROOT_CLASS = YES_ERROR;
				CLANG_WARN_SUSPICIOUS_MOVE = YES;
				CLANG_WARN_UNREACHABLE_CODE = YES;
				CLANG_WARN__DUPLICATE_METHOD_MATCH = YES;
				"CODE_SIGN_IDENTITY[sdk=iphoneos*]" = "iPhone Developer";
				COPY_PHASE_STRIP = NO;
				DEBUG_INFORMATION_FORMAT = dwarf;
				ENABLE_STRICT_OBJC_MSGSEND = YES;
				ENABLE_TESTABILITY = YES;
				GCC_C_LANGUAGE_STANDARD = gnu99;
				GCC_DYNAMIC_NO_PIC = NO;
				GCC_NO_COMMON_BLOCKS = YES;
				GCC_OPTIMIZATION_LEVEL = 0;
				GCC_PREPROCESSOR_DEFINITIONS = (
					"DEBUG=1",
					"$(inherited)",
				);
				GCC_WARN_64_TO_32_BIT_CONVERSION = YES;
				GCC_WARN_ABOUT_RETURN_TYPE = YES_ERROR;
				GCC_WARN_UNDECLARED_SELECTOR = YES;
				GCC_WARN_UNINITIALIZED_AUTOS = YES_AGGRESSIVE;
				GCC_WARN_UNUSED_FUNCTION = YES;
				GCC_WARN_UNUSED_VARIABLE = YES;
				IPHONEOS_DEPLOYMENT_TARGET = 10.3;
				MTL_ENABLE_DEBUG_INFO = YES;
				ONLY_ACTIVE_ARCH = YES;
				SDKROOT = iphoneos;
				SWIFT_ACTIVE_COMPILATION_CONDITIONS = DEBUG;
				SWIFT_OPTIMIZATION_LEVEL = "-Onone";
			};
			name = Debug;
		};
		B15BAD8E1F16272000D5469C /* Release */ = {
			isa = XCBuildConfiguration;
			buildSettings = {
				ALWAYS_SEARCH_USER_PATHS = NO;
				CLANG_ANALYZER_NONNULL = YES;
				CLANG_ANALYZER_NUMBER_OBJECT_CONVERSION = YES_AGGRESSIVE;
				CLANG_CXX_LANGUAGE_STANDARD = "gnu++0x";
				CLANG_CXX_LIBRARY = "libc++";
				CLANG_ENABLE_MODULES = YES;
				CLANG_ENABLE_OBJC_ARC = YES;
				CLANG_WARN_BOOL_CONVERSION = YES;
				CLANG_WARN_CONSTANT_CONVERSION = YES;
				CLANG_WARN_DIRECT_OBJC_ISA_USAGE = YES_ERROR;
				CLANG_WARN_DOCUMENTATION_COMMENTS = YES;
				CLANG_WARN_EMPTY_BODY = YES;
				CLANG_WARN_ENUM_CONVERSION = YES;
				CLANG_WARN_INFINITE_RECURSION = YES;
				CLANG_WARN_INT_CONVERSION = YES;
				CLANG_WARN_OBJC_ROOT_CLASS = YES_ERROR;
				CLANG_WARN_SUSPICIOUS_MOVE = YES;
				CLANG_WARN_UNREACHABLE_CODE = YES;
				CLANG_WARN__DUPLICATE_METHOD_MATCH = YES;
				"CODE_SIGN_IDENTITY[sdk=iphoneos*]" = "iPhone Developer";
				COPY_PHASE_STRIP = NO;
				DEBUG_INFORMATION_FORMAT = "dwarf-with-dsym";
				ENABLE_NS_ASSERTIONS = NO;
				ENABLE_STRICT_OBJC_MSGSEND = YES;
				GCC_C_LANGUAGE_STANDARD = gnu99;
				GCC_NO_COMMON_BLOCKS = YES;
				GCC_WARN_64_TO_32_BIT_CONVERSION = YES;
				GCC_WARN_ABOUT_RETURN_TYPE = YES_ERROR;
				GCC_WARN_UNDECLARED_SELECTOR = YES;
				GCC_WARN_UNINITIALIZED_AUTOS = YES_AGGRESSIVE;
				GCC_WARN_UNUSED_FUNCTION = YES;
				GCC_WARN_UNUSED_VARIABLE = YES;
				IPHONEOS_DEPLOYMENT_TARGET = 10.3;
				MTL_ENABLE_DEBUG_INFO = NO;
				SDKROOT = iphoneos;
				SWIFT_OPTIMIZATION_LEVEL = "-Owholemodule";
				VALIDATE_PRODUCT = YES;
			};
			name = Release;
		};
		B15BAD901F16272000D5469C /* Debug */ = {
			isa = XCBuildConfiguration;
			buildSettings = {
				ASSETCATALOG_COMPILER_APPICON_NAME = AppIcon;
				DEVELOPMENT_TEAM = E26925RH2T;
				INFOPLIST_FILE = UIMagic/Info.plist;
				LD_RUNPATH_SEARCH_PATHS = "$(inherited) @executable_path/Frameworks";
				PRODUCT_BUNDLE_IDENTIFIER = com.VictorLee.UIMagic;
				PRODUCT_NAME = "$(TARGET_NAME)";
				SWIFT_VERSION = 3.0;
			};
			name = Debug;
		};
		B15BAD911F16272000D5469C /* Release */ = {
			isa = XCBuildConfiguration;
			buildSettings = {
				ASSETCATALOG_COMPILER_APPICON_NAME = AppIcon;
				DEVELOPMENT_TEAM = E26925RH2T;
				INFOPLIST_FILE = UIMagic/Info.plist;
				LD_RUNPATH_SEARCH_PATHS = "$(inherited) @executable_path/Frameworks";
				PRODUCT_BUNDLE_IDENTIFIER = com.VictorLee.UIMagic;
				PRODUCT_NAME = "$(TARGET_NAME)";
				SWIFT_VERSION = 3.0;
			};
			name = Release;
		};
/* End XCBuildConfiguration section */

/* Begin XCConfigurationList section */
		B15BAD781F16271F00D5469C /* Build configuration list for PBXProject "UIMagic" */ = {
			isa = XCConfigurationList;
			buildConfigurations = (
				B15BAD8D1F16272000D5469C /* Debug */,
				B15BAD8E1F16272000D5469C /* Release */,
			);
			defaultConfigurationIsVisible = 0;
			defaultConfigurationName = Release;
		};
		B15BAD8F1F16272000D5469C /* Build configuration list for PBXNativeTarget "UIMagic" */ = {
			isa = XCConfigurationList;
			buildConfigurations = (
				B15BAD901F16272000D5469C /* Debug */,
				B15BAD911F16272000D5469C /* Release */,
			);
			defaultConfigurationIsVisible = 0;
		};
/* End XCConfigurationList section */
	};
	rootObject = B15BAD751F16271F00D5469C /* Project object */;
}
